// !$*UTF8*$!
{
	archiveVersion = 1;
	classes = {
	};
	objectVersion = 46;
	objects = {

/* Begin PBXBuildFile section */
		8F19B6561A2F8A1B000E3B48 /* LaunchScreen.xib in Resources */ = {isa = PBXBuildFile; fileRef = 8F19B6541A2F8A1B000E3B48 /* LaunchScreen.xib */; };
		8F19B6571A2F8A1B000E3B48 /* Main.storyboard in Resources */ = {isa = PBXBuildFile; fileRef = 8F19B6551A2F8A1B000E3B48 /* Main.storyboard */; };
		8F5AF4081A2F7A3500958B51 /* AppDelegate.swift in Sources */ = {isa = PBXBuildFile; fileRef = 8F5AF4071A2F7A3500958B51 /* AppDelegate.swift */; };
		8F5AF40A1A2F7A3500958B51 /* ViewController.swift in Sources */ = {isa = PBXBuildFile; fileRef = 8F5AF4091A2F7A3500958B51 /* ViewController.swift */; };
		8F5AF40F1A2F7A3500958B51 /* Images.xcassets in Resources */ = {isa = PBXBuildFile; fileRef = 8F5AF40E1A2F7A3500958B51 /* Images.xcassets */; };
		8F5AF42D1A2F7E2F00958B51 /* SystemConfiguration.framework in Frameworks */ = {isa = PBXBuildFile; fileRef = 8F5AF4291A2F7E2F00958B51 /* SystemConfiguration.framework */; };
		8F5AF42E1A2F7E2F00958B51 /* AdSupport.framework in Frameworks */ = {isa = PBXBuildFile; fileRef = 8F5AF42A1A2F7E2F00958B51 /* AdSupport.framework */; };
		8F5AF42F1A2F7E2F00958B51 /* StoreKit.framework in Frameworks */ = {isa = PBXBuildFile; fileRef = 8F5AF42B1A2F7E2F00958B51 /* StoreKit.framework */; };
		8F5AF4331A2F7E8A00958B51 /* AdBuddiz.framework in Frameworks */ = {isa = PBXBuildFile; fileRef = 8F5AF4321A2F7E8A00958B51 /* AdBuddiz.framework */; };
/* End PBXBuildFile section */

/* Begin PBXFileReference section */
		8F19B6541A2F8A1B000E3B48 /* LaunchScreen.xib */ = {isa = PBXFileReference; fileEncoding = 4; lastKnownFileType = file.xib; path = LaunchScreen.xib; sourceTree = "<group>"; };
		8F19B6551A2F8A1B000E3B48 /* Main.storyboard */ = {isa = PBXFileReference; fileEncoding = 4; lastKnownFileType = file.storyboard; path = Main.storyboard; sourceTree = "<group>"; };
		8F5AF4021A2F7A3500958B51 /* AdBuddizFrameworkExamplePartnerSwift.app */ = {isa = PBXFileReference; explicitFileType = wrapper.application; includeInIndex = 0; path = AdBuddizFrameworkExamplePartnerSwift.app; sourceTree = BUILT_PRODUCTS_DIR; };
		8F5AF4061A2F7A3500958B51 /* Info.plist */ = {isa = PBXFileReference; lastKnownFileType = text.plist.xml; path = Info.plist; sourceTree = "<group>"; };
		8F5AF4071A2F7A3500958B51 /* AppDelegate.swift */ = {isa = PBXFileReference; lastKnownFileType = sourcecode.swift; path = AppDelegate.swift; sourceTree = "<group>"; };
		8F5AF4091A2F7A3500958B51 /* ViewController.swift */ = {isa = PBXFileReference; lastKnownFileType = sourcecode.swift; path = ViewController.swift; sourceTree = "<group>"; };
		8F5AF40E1A2F7A3500958B51 /* Images.xcassets */ = {isa = PBXFileReference; lastKnownFileType = folder.assetcatalog; path = Images.xcassets; sourceTree = "<group>"; };
		8F5AF4291A2F7E2F00958B51 /* SystemConfiguration.framework */ = {isa = PBXFileReference; lastKnownFileType = wrapper.framework; name = SystemConfiguration.framework; path = System/Library/Frameworks/SystemConfiguration.framework; sourceTree = SDKROOT; };
		8F5AF42A1A2F7E2F00958B51 /* AdSupport.framework */ = {isa = PBXFileReference; lastKnownFileType = wrapper.framework; name = AdSupport.framework; path = System/Library/Frameworks/AdSupport.framework; sourceTree = SDKROOT; };
		8F5AF42B1A2F7E2F00958B51 /* StoreKit.framework */ = {isa = PBXFileReference; lastKnownFileType = wrapper.framework; name = StoreKit.framework; path = System/Library/Frameworks/StoreKit.framework; sourceTree = SDKROOT; };
		8F5AF4321A2F7E8A00958B51 /* AdBuddiz.framework */ = {isa = PBXFileReference; lastKnownFileType = wrapper.framework; path = AdBuddiz.framework; sourceTree = "<group>"; };
		8F5AF4351A2F7FEB00958B51 /* Bridging-Header.h */ = {isa = PBXFileReference; fileEncoding = 4; lastKnownFileType = sourcecode.c.h; path = "Bridging-Header.h"; sourceTree = "<group>"; };
/* End PBXFileReference section */

/* Begin PBXFrameworksBuildPhase section */
		8F5AF3FF1A2F7A3500958B51 /* Frameworks */ = {
			isa = PBXFrameworksBuildPhase;
			buildActionMask = 2147483647;
			files = (
				8F5AF4331A2F7E8A00958B51 /* AdBuddiz.framework in Frameworks */,
				8F5AF42D1A2F7E2F00958B51 /* SystemConfiguration.framework in Frameworks */,
				8F5AF42E1A2F7E2F00958B51 /* AdSupport.framework in Frameworks */,
				8F5AF42F1A2F7E2F00958B51 /* StoreKit.framework in Frameworks */,
			);
			runOnlyForDeploymentPostprocessing = 0;
		};
/* End PBXFrameworksBuildPhase section */

/* Begin PBXGroup section */
		8F5AF3F91A2F7A3500958B51 = {
			isa = PBXGroup;
			children = (
				8F5AF4041A2F7A3500958B51 /* AdBuddizFrameworkExamplePartnerSwift */,
				8F5AF4271A2F7A6700958B51 /* Frameworks */,
				8F5AF4031A2F7A3500958B51 /* Products */,
			);
			sourceTree = "<group>";
		};
		8F5AF4031A2F7A3500958B51 /* Products */ = {
			isa = PBXGroup;
			children = (
				8F5AF4021A2F7A3500958B51 /* AdBuddizFrameworkExamplePartnerSwift.app */,
			);
			name = Products;
			sourceTree = "<group>";
		};
		8F5AF4041A2F7A3500958B51 /* AdBuddizFrameworkExamplePartnerSwift */ = {
			isa = PBXGroup;
			children = (
				8F5AF4071A2F7A3500958B51 /* AppDelegate.swift */,
				8F5AF4091A2F7A3500958B51 /* ViewController.swift */,
				8F5AF4351A2F7FEB00958B51 /* Bridging-Header.h */,
				8F5AF4051A2F7A3500958B51 /* Supporting Files */,
			);
			path = AdBuddizFrameworkExamplePartnerSwift;
			sourceTree = "<group>";
		};
		8F5AF4051A2F7A3500958B51 /* Supporting Files */ = {
			isa = PBXGroup;
			children = (
				8F19B6541A2F8A1B000E3B48 /* LaunchScreen.xib */,
				8F19B6551A2F8A1B000E3B48 /* Main.storyboard */,
				8F5AF40E1A2F7A3500958B51 /* Images.xcassets */,
				8F5AF4061A2F7A3500958B51 /* Info.plist */,
			);
			name = "Supporting Files";
			sourceTree = "<group>";
		};
		8F5AF4271A2F7A6700958B51 /* Frameworks */ = {
			isa = PBXGroup;
			children = (
				8F5AF4321A2F7E8A00958B51 /* AdBuddiz.framework */,
				8F5AF4291A2F7E2F00958B51 /* SystemConfiguration.framework */,
				8F5AF42A1A2F7E2F00958B51 /* AdSupport.framework */,
				8F5AF42B1A2F7E2F00958B51 /* StoreKit.framework */,
			);
			name = Frameworks;
			sourceTree = "<group>";
		};
/* End PBXGroup section */

/* Begin PBXNativeTarget section */
		8F5AF4011A2F7A3500958B51 /* AdBuddizFrameworkExamplePartnerSwift */ = {
			isa = PBXNativeTarget;
			buildConfigurationList = 8F5AF4211A2F7A3500958B51 /* Build configuration list for PBXNativeTarget "AdBuddizFrameworkExamplePartnerSwift" */;
			buildPhases = (
				8F5AF3FE1A2F7A3500958B51 /* Sources */,
				8F5AF3FF1A2F7A3500958B51 /* Frameworks */,
				8F5AF4001A2F7A3500958B51 /* Resources */,
			);
			buildRules = (
			);
			dependencies = (
			);
			name = AdBuddizFrameworkExamplePartnerSwift;
			productName = AdBuddizFrameworkExamplePartnerSwift;
			productReference = 8F5AF4021A2F7A3500958B51 /* AdBuddizFrameworkExamplePartnerSwift.app */;
			productType = "com.apple.product-type.application";
		};
/* End PBXNativeTarget section */

/* Begin PBXProject section */
		8F5AF3FA1A2F7A3500958B51 /* Project object */ = {
			isa = PBXProject;
			attributes = {
				LastUpgradeCheck = 0610;
				ORGANIZATIONNAME = "Purple Brain";
				TargetAttributes = {
					8F5AF4011A2F7A3500958B51 = {
						CreatedOnToolsVersion = 6.1;
					};
				};
			};
			buildConfigurationList = 8F5AF3FD1A2F7A3500958B51 /* Build configuration list for PBXProject "AdBuddizFrameworkExamplePartnerSwift" */;
			compatibilityVersion = "Xcode 3.2";
			developmentRegion = English;
			hasScannedForEncodings = 0;
			knownRegions = (
				en,
				Base,
			);
			mainGroup = 8F5AF3F91A2F7A3500958B51;
			productRefGroup = 8F5AF4031A2F7A3500958B51 /* Products */;
			projectDirPath = "";
			projectRoot = "";
			targets = (
				8F5AF4011A2F7A3500958B51 /* AdBuddizFrameworkExamplePartnerSwift */,
			);
		};
/* End PBXProject section */

/* Begin PBXResourcesBuildPhase section */
		8F5AF4001A2F7A3500958B51 /* Resources */ = {
			isa = PBXResourcesBuildPhase;
			buildActionMask = 2147483647;
			files = (
				8F19B6571A2F8A1B000E3B48 /* Main.storyboard in Resources */,
				8F19B6561A2F8A1B000E3B48 /* LaunchScreen.xib in Resources */,
				8F5AF40F1A2F7A3500958B51 /* Images.xcassets in Resources */,
			);
			runOnlyForDeploymentPostprocessing = 0;
		};
/* End PBXResourcesBuildPhase section */

/* Begin PBXSourcesBuildPhase section */
		8F5AF3FE1A2F7A3500958B51 /* Sources */ = {
			isa = PBXSourcesBuildPhase;
			buildActionMask = 2147483647;
			files = (
				8F5AF40A1A2F7A3500958B51 /* ViewController.swift in Sources */,
				8F5AF4081A2F7A3500958B51 /* AppDelegate.swift in Sources */,
			);
			runOnlyForDeploymentPostprocessing = 0;
		};
/* End PBXSourcesBuildPhase section */

/* Begin XCBuildConfiguration section */
		8F5AF41F1A2F7A3500958B51 /* Debug */ = {
			isa = XCBuildConfiguration;
			buildSettings = {
				ALWAYS_SEARCH_USER_PATHS = NO;
				CLANG_CXX_LANGUAGE_STANDARD = "gnu++0x";
				CLANG_CXX_LIBRARY = "libc++";
				CLANG_ENABLE_MODULES = YES;
				CLANG_ENABLE_OBJC_ARC = YES;
				CLANG_WARN_BOOL_CONVERSION = YES;
				CLANG_WARN_CONSTANT_CONVERSION = YES;
				CLANG_WARN_DIRECT_OBJC_ISA_USAGE = YES_ERROR;
				CLANG_WARN_EMPTY_BODY = YES;
				CLANG_WARN_ENUM_CONVERSION = YES;
				CLANG_WARN_INT_CONVERSION = YES;
				CLANG_WARN_OBJC_ROOT_CLASS = YES_ERROR;
				CLANG_WARN_UNREACHABLE_CODE = YES;
				CLANG_WARN__DUPLICATE_METHOD_MATCH = YES;
				"CODE_SIGN_IDENTITY[sdk=iphoneos*]" = "iPhone Developer";
				COPY_PHASE_STRIP = NO;
				ENABLE_STRICT_OBJC_MSGSEND = YES;
				GCC_C_LANGUAGE_STANDARD = gnu99;
				GCC_DYNAMIC_NO_PIC = NO;
				GCC_OPTIMIZATION_LEVEL = 0;
				GCC_PREPROCESSOR_DEFINITIONS = (
					"DEBUG=1",
					"$(inherited)",
				);
				GCC_SYMBOLS_PRIVATE_EXTERN = NO;
				GCC_WARN_64_TO_32_BIT_CONVERSION = YES;
				GCC_WARN_ABOUT_RETURN_TYPE = YES_ERROR;
				GCC_WARN_UNDECLARED_SELECTOR = YES;
				GCC_WARN_UNINITIALIZED_AUTOS = YES_AGGRESSIVE;
				GCC_WARN_UNUSED_FUNCTION = YES;
				GCC_WARN_UNUSED_VARIABLE = YES;
				IPHONEOS_DEPLOYMENT_TARGET = 8.1;
				MTL_ENABLE_DEBUG_INFO = YES;
				ONLY_ACTIVE_ARCH = YES;
				SDKROOT = iphoneos;
				SWIFT_OPTIMIZATION_LEVEL = "-Onone";
				TARGETED_DEVICE_FAMILY = "1,2";
			};
			name = Debug;
		};
		8F5AF4201A2F7A3500958B51 /* Release */ = {
			isa = XCBuildConfiguration;
			buildSettings = {
				ALWAYS_SEARCH_USER_PATHS = NO;
				CLANG_CXX_LANGUAGE_STANDARD = "gnu++0x";
				CLANG_CXX_LIBRARY = "libc++";
				CLANG_ENABLE_MODULES = YES;
				CLANG_ENABLE_OBJC_ARC = YES;
				CLANG_WARN_BOOL_CONVERSION = YES;
				CLANG_WARN_CONSTANT_CONVERSION = YES;
				CLANG_WARN_DIRECT_OBJC_ISA_USAGE = YES_ERROR;
				CLANG_WARN_EMPTY_BODY = YES;
				CLANG_WARN_ENUM_CONVERSION = YES;
				CLANG_WARN_INT_CONVERSION = YES;
				CLANG_WARN_OBJC_ROOT_CLASS = YES_ERROR;
				CLANG_WARN_UNREACHABLE_CODE = YES;
				CLANG_WARN__DUPLICATE_METHOD_MATCH = YES;
				"CODE_SIGN_IDENTITY[sdk=iphoneos*]" = "iPhone Developer";
				COPY_PHASE_STRIP = YES;
				ENABLE_NS_ASSERTIONS = NO;
				ENABLE_STRICT_OBJC_MSGSEND = YES;
				GCC_C_LANGUAGE_STANDARD = gnu99;
				GCC_WARN_64_TO_32_BIT_CONVERSION = YES;
				GCC_WARN_ABOUT_RETURN_TYPE = YES_ERROR;
				GCC_WARN_UNDECLARED_SELECTOR = YES;
				GCC_WARN_UNINITIALIZED_AUTOS = YES_AGGRESSIVE;
				GCC_WARN_UNUSED_FUNCTION = YES;
				GCC_WARN_UNUSED_VARIABLE = YES;
				IPHONEOS_DEPLOYMENT_TARGET = 8.1;
				MTL_ENABLE_DEBUG_INFO = NO;
				SDKROOT = iphoneos;
				TARGETED_DEVICE_FAMILY = "1,2";
				VALIDATE_PRODUCT = YES;
			};
			name = Release;
		};
		8F5AF4221A2F7A3500958B51 /* Debug */ = {
			isa = XCBuildConfiguration;
			buildSettings = {
				ASSETCATALOG_COMPILER_APPICON_NAME = AppIcon;
				FRAMEWORK_SEARCH_PATHS = (
					"$(inherited)",
					"/Users/etienne/Downloads/AdBuddiz-iOS-Framework-2.3.4",
					"$(PROJECT_DIR)",
				);
				INFOPLIST_FILE = AdBuddizFrameworkExamplePartnerSwift/Info.plist;
				LD_RUNPATH_SEARCH_PATHS = "$(inherited) @executable_path/Frameworks";
				PRODUCT_NAME = "$(TARGET_NAME)";
				SWIFT_OBJC_BRIDGING_HEADER = "AdBuddizFrameworkExamplePartnerSwift/Bridging-Header.h";
			};
			name = Debug;
		};
		8F5AF4231A2F7A3500958B51 /* Release */ = {
			isa = XCBuildConfiguration;
			buildSettings = {
				ASSETCATALOG_COMPILER_APPICON_NAME = AppIcon;
				FRAMEWORK_SEARCH_PATHS = (
					"$(inherited)",
					"/Users/etienne/Downloads/AdBuddiz-iOS-Framework-2.3.4",
					"$(PROJECT_DIR)",
				);
				INFOPLIST_FILE = AdBuddizFrameworkExamplePartnerSwift/Info.plist;
				LD_RUNPATH_SEARCH_PATHS = "$(inherited) @executable_path/Frameworks";
				PRODUCT_NAME = "$(TARGET_NAME)";
				SWIFT_OBJC_BRIDGING_HEADER = "AdBuddizFrameworkExamplePartnerSwift/Bridging-Header.h";
			};
			name = Release;
		};
/* End XCBuildConfiguration section */

/* Begin XCConfigurationList section */
		8F5AF3FD1A2F7A3500958B51 /* Build configuration list for PBXProject "AdBuddizFrameworkExamplePartnerSwift" */ = {
			isa = XCConfigurationList;
			buildConfigurations = (
				8F5AF41F1A2F7A3500958B51 /* Debug */,
				8F5AF4201A2F7A3500958B51 /* Release */,
			);
			defaultConfigurationIsVisible = 0;
			defaultConfigurationName = Release;
		};
		8F5AF4211A2F7A3500958B51 /* Build configuration list for PBXNativeTarget "AdBuddizFrameworkExamplePartnerSwift" */ = {
			isa = XCConfigurationList;
			buildConfigurations = (
				8F5AF4221A2F7A3500958B51 /* Debug */,
				8F5AF4231A2F7A3500958B51 /* Release */,
			);
			defaultConfigurationIsVisible = 0;
			defaultConfigurationName = Release;
		};
/* End XCConfigurationList section */
	};
	rootObject = 8F5AF3FA1A2F7A3500958B51 /* Project object */;
}
